github.com/gempir/go-twitch-irc/v3 v3.2.0 h1:ENhsa7RgBE1GMmDqe0iMkvcSYfgw6ZsXilt+sAg32/U=
github.com/gempir/go-twitch-irc/v3 v3.2.0/go.mod h1:/W9KZIiyizVecp4PEb7kc4AlIyXKiCmvlXrzlpPUytU=
github.com/google/go-cmp v0.5.9 h1:O2Tfq5qg4qc4AmwVlvv0oLiVAGB7enBSJ2x2DqQFi38=
github.com/google/go-cmp v0.5.9/go.mod h1:17dUlkBOakJ0+DkrSSNjCkIjxS6bF9zb3elmeNGIjoY=
